
Microsoft Visual Studio Solution File, Format Version 12.00
# Visual Studio Version 16
VisualStudioVersion = 16.0.30611.23
MinimumVisualStudioVersion = 10.0.40219.1
Project("{FAE04EC0-301F-11D3-BF4B-00C04F79EFBC}") = "FileWatcherService", "FileWatcherService.csproj", "{1D95B6C1-E023-4C97-9CDF-244E0A2BB411}"
EndProject
Global
	GlobalSection(SolutionConfigurationPlatforms) = preSolution
		Debug|Any CPU = Debug|Any CPU
		Release|Any CPU = Release|Any CPU
	EndGlobalSection
	GlobalSection(ProjectConfigurationPlatforms) = postSolution
		{1D95B6C1-E023-4C97-9CDF-244E0A2BB411}.Debug|Any CPU.ActiveCfg = Debug|Any CPU
		{1D95B6C1-E023-4C97-9CDF-244E0A2BB411}.Debug|Any CPU.Build.0 = Debug|Any CPU
		{1D95B6C1-E023-4C97-9CDF-244E0A2BB411}.Release|Any CPU.ActiveCfg = Release|Any CPU
		{1D95B6C1-E023-4C97-9CDF-244E0A2BB411}.Release|Any CPU.Build.0 = Release|Any CPU
	EndGlobalSection
	GlobalSection(SolutionProperties) = preSolution
		HideSolutionNode = FALSE
	EndGlobalSection
	GlobalSection(ExtensibilityGlobals) = postSolution
		SolutionGuid = {4FE18B27-A138-498F-8BEF-F56E101377E4}
	EndGlobalSection
EndGlobal
